// !$*UTF8*$!
{
	archiveVersion = 1;
	classes = {
	};
	objectVersion = 46;
	objects = {

/* Begin PBXBuildFile section */
		33ADDB62190C416E0056EE16 /* Foundation.framework in Frameworks */ = {isa = PBXBuildFile; fileRef = 33ADDB61190C416E0056EE16 /* Foundation.framework */; };
		33ADDB64190C416E0056EE16 /* CoreGraphics.framework in Frameworks */ = {isa = PBXBuildFile; fileRef = 33ADDB63190C416E0056EE16 /* CoreGraphics.framework */; };
		33ADDB66190C416E0056EE16 /* UIKit.framework in Frameworks */ = {isa = PBXBuildFile; fileRef = 33ADDB65190C416E0056EE16 /* UIKit.framework */; };
		33ADDB6C190C416E0056EE16 /* InfoPlist.strings in Resources */ = {isa = PBXBuildFile; fileRef = 33ADDB6A190C416E0056EE16 /* InfoPlist.strings */; };
		33ADDB6E190C416E0056EE16 /* main.m in Sources */ = {isa = PBXBuildFile; fileRef = 33ADDB6D190C416E0056EE16 /* main.m */; };
		33ADDB72190C416E0056EE16 /* AppDelegate.m in Sources */ = {isa = PBXBuildFile; fileRef = 33ADDB71190C416E0056EE16 /* AppDelegate.m */; };
		33ADDB74190C416E0056EE16 /* Images.xcassets in Resources */ = {isa = PBXBuildFile; fileRef = 33ADDB73190C416E0056EE16 /* Images.xcassets */; };
		33ADDB7B190C416E0056EE16 /* XCTest.framework in Frameworks */ = {isa = PBXBuildFile; fileRef = 33ADDB7A190C416E0056EE16 /* XCTest.framework */; };
		33ADDB7C190C416E0056EE16 /* Foundation.framework in Frameworks */ = {isa = PBXBuildFile; fileRef = 33ADDB61190C416E0056EE16 /* Foundation.framework */; };
		33ADDB7D190C416E0056EE16 /* UIKit.framework in Frameworks */ = {isa = PBXBuildFile; fileRef = 33ADDB65190C416E0056EE16 /* UIKit.framework */; };
		33ADDB85190C416E0056EE16 /* InfoPlist.strings in Resources */ = {isa = PBXBuildFile; fileRef = 33ADDB83190C416E0056EE16 /* InfoPlist.strings */; };
		33ADDB87190C416E0056EE16 /* phototilesTests.m in Sources */ = {isa = PBXBuildFile; fileRef = 33ADDB86190C416E0056EE16 /* phototilesTests.m */; };
		33ADDBA4190C47210056EE16 /* PhotoTilesController.m in Sources */ = {isa = PBXBuildFile; fileRef = 33ADDBA3190C47210056EE16 /* PhotoTilesController.m */; };
		33ADDBA8190C53CD0056EE16 /* URLImageFileCache.m in Sources */ = {isa = PBXBuildFile; fileRef = 33ADDBA6190C53CD0056EE16 /* URLImageFileCache.m */; };
		33ADDBAF190C53F80056EE16 /* NSString+MD5.m in Sources */ = {isa = PBXBuildFile; fileRef = 33ADDBAA190C53F80056EE16 /* NSString+MD5.m */; };
		33ADDBB0190C53F80056EE16 /* Reachability.m in Sources */ = {isa = PBXBuildFile; fileRef = 33ADDBAD190C53F80056EE16 /* Reachability.m */; };
		33ADDBB4190C5FD90056EE16 /* PhotoTileCell.m in Sources */ = {isa = PBXBuildFile; fileRef = 33ADDBB3190C5FD90056EE16 /* PhotoTileCell.m */; };
		33ADDBB8190C6AA90056EE16 /* FlickrManager.m in Sources */ = {isa = PBXBuildFile; fileRef = 33ADDBB7190C6AA90056EE16 /* FlickrManager.m */; };
		33ADDBBD190C6E390056EE16 /* FlickrPhoto.m in Sources */ = {isa = PBXBuildFile; fileRef = 33ADDBBC190C6E390056EE16 /* FlickrPhoto.m */; };
		33ADDBC0190C6F270056EE16 /* FlickrPhotos.m in Sources */ = {isa = PBXBuildFile; fileRef = 33ADDBBF190C6F270056EE16 /* FlickrPhotos.m */; };
		33ADDBC1190C7FFC0056EE16 /* libRestKit.a in Frameworks */ = {isa = PBXBuildFile; fileRef = 33ADDB98190C42110056EE16 /* libRestKit.a */; };
		33ADDBC3190C80300056EE16 /* MobileCoreServices.framework in Frameworks */ = {isa = PBXBuildFile; fileRef = 33ADDBC2190C80300056EE16 /* MobileCoreServices.framework */; };
		33ADDBC5190C80370056EE16 /* SystemConfiguration.framework in Frameworks */ = {isa = PBXBuildFile; fileRef = 33ADDBC4190C80370056EE16 /* SystemConfiguration.framework */; };
		33ADDBC8190DAC010056EE16 /* ReachabilityOverlayView.m in Sources */ = {isa = PBXBuildFile; fileRef = 33ADDBC6190DAC010056EE16 /* ReachabilityOverlayView.m */; };
		33ADDBCB190DE1D80056EE16 /* UIImage+Luminance.m in Sources */ = {isa = PBXBuildFile; fileRef = 33ADDBCA190DE1D80056EE16 /* UIImage+Luminance.m */; };
/* End PBXBuildFile section */

/* Begin PBXContainerItemProxy section */
		33ADDB7E190C416E0056EE16 /* PBXContainerItemProxy */ = {
			isa = PBXContainerItemProxy;
			containerPortal = 33ADDB56190C416E0056EE16 /* Project object */;
			proxyType = 1;
			remoteGlobalIDString = 33ADDB5D190C416E0056EE16;
			remoteInfo = phototiles;
		};
		33ADDB97190C42110056EE16 /* PBXContainerItemProxy */ = {
			isa = PBXContainerItemProxy;
			containerPortal = 33ADDB90190C42100056EE16 /* RestKit.xcodeproj */;
			proxyType = 2;
			remoteGlobalIDString = 25160D1614564E810060A5C5;
			remoteInfo = RestKit;
		};
		33ADDB99190C42110056EE16 /* PBXContainerItemProxy */ = {
			isa = PBXContainerItemProxy;
			containerPortal = 33ADDB90190C42100056EE16 /* RestKit.xcodeproj */;
			proxyType = 2;
			remoteGlobalIDString = 25160D2614564E820060A5C5;
			remoteInfo = RestKitTests;
		};
		33ADDB9B190C42110056EE16 /* PBXContainerItemProxy */ = {
			isa = PBXContainerItemProxy;
			containerPortal = 33ADDB90190C42100056EE16 /* RestKit.xcodeproj */;
			proxyType = 2;
			remoteGlobalIDString = 25160E62145651060060A5C5;
			remoteInfo = RestKitFramework;
		};
		33ADDB9D190C42110056EE16 /* PBXContainerItemProxy */ = {
			isa = PBXContainerItemProxy;
			containerPortal = 33ADDB90190C42100056EE16 /* RestKit.xcodeproj */;
			proxyType = 2;
			remoteGlobalIDString = 25160E78145651060060A5C5;
			remoteInfo = RestKitFrameworkTests;
		};
/* End PBXContainerItemProxy section */

/* Begin PBXFileReference section */
		33ADDB5E190C416E0056EE16 /* phototiles.app */ = {isa = PBXFileReference; explicitFileType = wrapper.application; includeInIndex = 0; path = phototiles.app; sourceTree = BUILT_PRODUCTS_DIR; };
		33ADDB61190C416E0056EE16 /* Foundation.framework */ = {isa = PBXFileReference; lastKnownFileType = wrapper.framework; name = Foundation.framework; path = System/Library/Frameworks/Foundation.framework; sourceTree = SDKROOT; };
		33ADDB63190C416E0056EE16 /* CoreGraphics.framework */ = {isa = PBXFileReference; lastKnownFileType = wrapper.framework; name = CoreGraphics.framework; path = System/Library/Frameworks/CoreGraphics.framework; sourceTree = SDKROOT; };
		33ADDB65190C416E0056EE16 /* UIKit.framework */ = {isa = PBXFileReference; lastKnownFileType = wrapper.framework; name = UIKit.framework; path = System/Library/Frameworks/UIKit.framework; sourceTree = SDKROOT; };
		33ADDB69190C416E0056EE16 /* phototiles-Info.plist */ = {isa = PBXFileReference; lastKnownFileType = text.plist.xml; path = "phototiles-Info.plist"; sourceTree = "<group>"; };
		33ADDB6B190C416E0056EE16 /* en */ = {isa = PBXFileReference; lastKnownFileType = text.plist.strings; name = en; path = en.lproj/InfoPlist.strings; sourceTree = "<group>"; };
		33ADDB6D190C416E0056EE16 /* main.m */ = {isa = PBXFileReference; lastKnownFileType = sourcecode.c.objc; path = main.m; sourceTree = "<group>"; };
		33ADDB6F190C416E0056EE16 /* phototiles-Prefix.pch */ = {isa = PBXFileReference; lastKnownFileType = sourcecode.c.h; path = "phototiles-Prefix.pch"; sourceTree = "<group>"; };
		33ADDB70190C416E0056EE16 /* AppDelegate.h */ = {isa = PBXFileReference; lastKnownFileType = sourcecode.c.h; path = AppDelegate.h; sourceTree = "<group>"; };
		33ADDB71190C416E0056EE16 /* AppDelegate.m */ = {isa = PBXFileReference; lastKnownFileType = sourcecode.c.objc; path = AppDelegate.m; sourceTree = "<group>"; };
		33ADDB73190C416E0056EE16 /* Images.xcassets */ = {isa = PBXFileReference; lastKnownFileType = folder.assetcatalog; path = Images.xcassets; sourceTree = "<group>"; };
		33ADDB79190C416E0056EE16 /* phototilesTests.xctest */ = {isa = PBXFileReference; explicitFileType = wrapper.cfbundle; includeInIndex = 0; path = phototilesTests.xctest; sourceTree = BUILT_PRODUCTS_DIR; };
		33ADDB7A190C416E0056EE16 /* XCTest.framework */ = {isa = PBXFileReference; lastKnownFileType = wrapper.framework; name = XCTest.framework; path = Library/Frameworks/XCTest.framework; sourceTree = DEVELOPER_DIR; };
		33ADDB82190C416E0056EE16 /* phototilesTests-Info.plist */ = {isa = PBXFileReference; lastKnownFileType = text.plist.xml; path = "phototilesTests-Info.plist"; sourceTree = "<group>"; };
		33ADDB84190C416E0056EE16 /* en */ = {isa = PBXFileReference; lastKnownFileType = text.plist.strings; name = en; path = en.lproj/InfoPlist.strings; sourceTree = "<group>"; };
		33ADDB86190C416E0056EE16 /* phototilesTests.m */ = {isa = PBXFileReference; lastKnownFileType = sourcecode.c.objc; path = phototilesTests.m; sourceTree = "<group>"; };
		33ADDB90190C42100056EE16 /* RestKit.xcodeproj */ = {isa = PBXFileReference; lastKnownFileType = "wrapper.pb-project"; name = RestKit.xcodeproj; path = phototiles/ThirdPartyAPI/RestKit/RestKit.xcodeproj; sourceTree = "<group>"; };
		33ADDBA2190C47210056EE16 /* PhotoTilesController.h */ = {isa = PBXFileReference; fileEncoding = 4; lastKnownFileType = sourcecode.c.h; path = PhotoTilesController.h; sourceTree = "<group>"; };
		33ADDBA3190C47210056EE16 /* PhotoTilesController.m */ = {isa = PBXFileReference; fileEncoding = 4; lastKnownFileType = sourcecode.c.objc; path = PhotoTilesController.m; sourceTree = "<group>"; };
		33ADDBA5190C53980056EE16 /* Notifications.h */ = {isa = PBXFileReference; lastKnownFileType = sourcecode.c.h; path = Notifications.h; sourceTree = "<group>"; };
		33ADDBA6190C53CD0056EE16 /* URLImageFileCache.m */ = {isa = PBXFileReference; fileEncoding = 4; lastKnownFileType = sourcecode.c.objc; path = URLImageFileCache.m; sourceTree = "<group>"; };
		33ADDBA7190C53CD0056EE16 /* URLImageFileCache.h */ = {isa = PBXFileReference; fileEncoding = 4; lastKnownFileType = sourcecode.c.h; path = URLImageFileCache.h; sourceTree = "<group>"; };
		33ADDBAA190C53F80056EE16 /* NSString+MD5.m */ = {isa = PBXFileReference; fileEncoding = 4; lastKnownFileType = sourcecode.c.objc; name = "NSString+MD5.m"; path = "ThirdPartyAPI/NSString+MD5.m"; sourceTree = "<group>"; };
		33ADDBAC190C53F80056EE16 /* Reachability.h */ = {isa = PBXFileReference; fileEncoding = 4; lastKnownFileType = sourcecode.c.h; path = Reachability.h; sourceTree = "<group>"; };
		33ADDBAD190C53F80056EE16 /* Reachability.m */ = {isa = PBXFileReference; fileEncoding = 4; lastKnownFileType = sourcecode.c.objc; path = Reachability.m; sourceTree = "<group>"; };
		33ADDBAE190C53F80056EE16 /* NSString+MD5.h */ = {isa = PBXFileReference; fileEncoding = 4; lastKnownFileType = sourcecode.c.h; name = "NSString+MD5.h"; path = "ThirdPartyAPI/NSString+MD5.h"; sourceTree = "<group>"; };
		33ADDBB1190C54730056EE16 /* Globals.h */ = {isa = PBXFileReference; lastKnownFileType = sourcecode.c.h; path = Globals.h; sourceTree = "<group>"; };
		33ADDBB2190C5FD90056EE16 /* PhotoTileCell.h */ = {isa = PBXFileReference; fileEncoding = 4; lastKnownFileType = sourcecode.c.h; path = PhotoTileCell.h; sourceTree = "<group>"; };
		33ADDBB3190C5FD90056EE16 /* PhotoTileCell.m */ = {isa = PBXFileReference; fileEncoding = 4; lastKnownFileType = sourcecode.c.objc; path = PhotoTileCell.m; sourceTree = "<group>"; };
		33ADDBB6190C6AA90056EE16 /* FlickrManager.h */ = {isa = PBXFileReference; fileEncoding = 4; lastKnownFileType = sourcecode.c.h; path = FlickrManager.h; sourceTree = "<group>"; };
		33ADDBB7190C6AA90056EE16 /* FlickrManager.m */ = {isa = PBXFileReference; fileEncoding = 4; lastKnownFileType = sourcecode.c.objc; path = FlickrManager.m; sourceTree = "<group>"; };
		33ADDBBB190C6E390056EE16 /* FlickrPhoto.h */ = {isa = PBXFileReference; fileEncoding = 4; lastKnownFileType = sourcecode.c.h; path = FlickrPhoto.h; sourceTree = "<group>"; };
		33ADDBBC190C6E390056EE16 /* FlickrPhoto.m */ = {isa = PBXFileReference; fileEncoding = 4; lastKnownFileType = sourcecode.c.objc; path = FlickrPhoto.m; sourceTree = "<group>"; };
		33ADDBBE190C6F270056EE16 /* FlickrPhotos.h */ = {isa = PBXFileReference; fileEncoding = 4; lastKnownFileType = sourcecode.c.h; path = FlickrPhotos.h; sourceTree = "<group>"; };
		33ADDBBF190C6F270056EE16 /* FlickrPhotos.m */ = {isa = PBXFileReference; fileEncoding = 4; lastKnownFileType = sourcecode.c.objc; path = FlickrPhotos.m; sourceTree = "<group>"; };
		33ADDBC2190C80300056EE16 /* MobileCoreServices.framework */ = {isa = PBXFileReference; lastKnownFileType = wrapper.framework; name = MobileCoreServices.framework; path = System/Library/Frameworks/MobileCoreServices.framework; sourceTree = SDKROOT; };
		33ADDBC4190C80370056EE16 /* SystemConfiguration.framework */ = {isa = PBXFileReference; lastKnownFileType = wrapper.framework; name = SystemConfiguration.framework; path = System/Library/Frameworks/SystemConfiguration.framework; sourceTree = SDKROOT; };
		33ADDBC6190DAC010056EE16 /* ReachabilityOverlayView.m */ = {isa = PBXFileReference; fileEncoding = 4; lastKnownFileType = sourcecode.c.objc; path = ReachabilityOverlayView.m; sourceTree = "<group>"; };
		33ADDBC7190DAC010056EE16 /* ReachabilityOverlayView.h */ = {isa = PBXFileReference; fileEncoding = 4; lastKnownFileType = sourcecode.c.h; path = ReachabilityOverlayView.h; sourceTree = "<group>"; };
		33ADDBC9190DE1D80056EE16 /* UIImage+Luminance.h */ = {isa = PBXFileReference; fileEncoding = 4; lastKnownFileType = sourcecode.c.h; path = "UIImage+Luminance.h"; sourceTree = "<group>"; };
		33ADDBCA190DE1D80056EE16 /* UIImage+Luminance.m */ = {isa = PBXFileReference; fileEncoding = 4; lastKnownFileType = sourcecode.c.objc; path = "UIImage+Luminance.m"; sourceTree = "<group>"; };
/* End PBXFileReference section */

/* Begin PBXFrameworksBuildPhase section */
		33ADDB5B190C416E0056EE16 /* Frameworks */ = {
			isa = PBXFrameworksBuildPhase;
			buildActionMask = 2147483647;
			files = (
				33ADDBC5190C80370056EE16 /* SystemConfiguration.framework in Frameworks */,
				33ADDBC3190C80300056EE16 /* MobileCoreServices.framework in Frameworks */,
				33ADDBC1190C7FFC0056EE16 /* libRestKit.a in Frameworks */,
				33ADDB64190C416E0056EE16 /* CoreGraphics.framework in Frameworks */,
				33ADDB66190C416E0056EE16 /* UIKit.framework in Frameworks */,
				33ADDB62190C416E0056EE16 /* Foundation.framework in Frameworks */,
			);
			runOnlyForDeploymentPostprocessing = 0;
		};
		33ADDB76190C416E0056EE16 /* Frameworks */ = {
			isa = PBXFrameworksBuildPhase;
			buildActionMask = 2147483647;
			files = (
				33ADDB7B190C416E0056EE16 /* XCTest.framework in Frameworks */,
				33ADDB7D190C416E0056EE16 /* UIKit.framework in Frameworks */,
				33ADDB7C190C416E0056EE16 /* Foundation.framework in Frameworks */,
			);
			runOnlyForDeploymentPostprocessing = 0;
		};
/* End PBXFrameworksBuildPhase section */

/* Begin PBXGroup section */
		33ADDB55190C416E0056EE16 = {
			isa = PBXGroup;
			children = (
				33ADDB90190C42100056EE16 /* RestKit.xcodeproj */,
				33ADDB67190C416E0056EE16 /* phototiles */,
				33ADDB80190C416E0056EE16 /* phototilesTests */,
				33ADDB60190C416E0056EE16 /* Frameworks */,
				33ADDB5F190C416E0056EE16 /* Products */,
			);
			sourceTree = "<group>";
		};
		33ADDB5F190C416E0056EE16 /* Products */ = {
			isa = PBXGroup;
			children = (
				33ADDB5E190C416E0056EE16 /* phototiles.app */,
				33ADDB79190C416E0056EE16 /* phototilesTests.xctest */,
			);
			name = Products;
			sourceTree = "<group>";
		};
		33ADDB60190C416E0056EE16 /* Frameworks */ = {
			isa = PBXGroup;
			children = (
				33ADDBC4190C80370056EE16 /* SystemConfiguration.framework */,
				33ADDBC2190C80300056EE16 /* MobileCoreServices.framework */,
				33ADDB61190C416E0056EE16 /* Foundation.framework */,
				33ADDB63190C416E0056EE16 /* CoreGraphics.framework */,
				33ADDB65190C416E0056EE16 /* UIKit.framework */,
				33ADDB7A190C416E0056EE16 /* XCTest.framework */,
			);
			name = Frameworks;
			sourceTree = "<group>";
		};
		33ADDB67190C416E0056EE16 /* phototiles */ = {
			isa = PBXGroup;
			children = (
				33ADDBB5190C6A900056EE16 /* Flickr */,
				33ADDBA9190C53DD0056EE16 /* ThirdParty */,
				33ADDB70190C416E0056EE16 /* AppDelegate.h */,
				33ADDB71190C416E0056EE16 /* AppDelegate.m */,
				33ADDBA2190C47210056EE16 /* PhotoTilesController.h */,
				33ADDBA3190C47210056EE16 /* PhotoTilesController.m */,
				33ADDBB2190C5FD90056EE16 /* PhotoTileCell.h */,
				33ADDBB3190C5FD90056EE16 /* PhotoTileCell.m */,
				33ADDBA6190C53CD0056EE16 /* URLImageFileCache.m */,
				33ADDBA7190C53CD0056EE16 /* URLImageFileCache.h */,
				33ADDBC6190DAC010056EE16 /* ReachabilityOverlayView.m */,
				33ADDBC7190DAC010056EE16 /* ReachabilityOverlayView.h */,
				33ADDBC9190DE1D80056EE16 /* UIImage+Luminance.h */,
				33ADDBCA190DE1D80056EE16 /* UIImage+Luminance.m */,
				33ADDBA5190C53980056EE16 /* Notifications.h */,
				33ADDBB1190C54730056EE16 /* Globals.h */,
				33ADDB73190C416E0056EE16 /* Images.xcassets */,
				33ADDB68190C416E0056EE16 /* Supporting Files */,
			);
			path = phototiles;
			sourceTree = "<group>";
		};
		33ADDB68190C416E0056EE16 /* Supporting Files */ = {
			isa = PBXGroup;
			children = (
				33ADDB69190C416E0056EE16 /* phototiles-Info.plist */,
				33ADDB6A190C416E0056EE16 /* InfoPlist.strings */,
				33ADDB6D190C416E0056EE16 /* main.m */,
				33ADDB6F190C416E0056EE16 /* phototiles-Prefix.pch */,
			);
			name = "Supporting Files";
			sourceTree = "<group>";
		};
		33ADDB80190C416E0056EE16 /* phototilesTests */ = {
			isa = PBXGroup;
			children = (
				33ADDB86190C416E0056EE16 /* phototilesTests.m */,
				33ADDB81190C416E0056EE16 /* Supporting Files */,
			);
			path = phototilesTests;
			sourceTree = "<group>";
		};
		33ADDB81190C416E0056EE16 /* Supporting Files */ = {
			isa = PBXGroup;
			children = (
				33ADDB82190C416E0056EE16 /* phototilesTests-Info.plist */,
				33ADDB83190C416E0056EE16 /* InfoPlist.strings */,
			);
			name = "Supporting Files";
			sourceTree = "<group>";
		};
		33ADDB91190C42100056EE16 /* Products */ = {
			isa = PBXGroup;
			children = (
				33ADDB98190C42110056EE16 /* libRestKit.a */,
				33ADDB9A190C42110056EE16 /* RestKitTests.octest */,
				33ADDB9C190C42110056EE16 /* RestKit.framework */,
				33ADDB9E190C42110056EE16 /* RestKitFrameworkTests.octest */,
			);
			name = Products;
			sourceTree = "<group>";
		};
		33ADDBA9190C53DD0056EE16 /* ThirdParty */ = {
			isa = PBXGroup;
			children = (
				33ADDBAB190C53F80056EE16 /* Reachability */,
				33ADDBAA190C53F80056EE16 /* NSString+MD5.m */,
				33ADDBAE190C53F80056EE16 /* NSString+MD5.h */,
			);
			name = ThirdParty;
			sourceTree = "<group>";
		};
		33ADDBAB190C53F80056EE16 /* Reachability */ = {
			isa = PBXGroup;
			children = (
				33ADDBAC190C53F80056EE16 /* Reachability.h */,
				33ADDBAD190C53F80056EE16 /* Reachability.m */,
			);
			name = Reachability;
			path = ThirdPartyAPI/Reachability;
			sourceTree = "<group>";
		};
		33ADDBB5190C6A900056EE16 /* Flickr */ = {
			isa = PBXGroup;
			children = (
				33ADDBB9190C6B7E0056EE16 /* Controller */,
				33ADDBBA190C6B880056EE16 /* Model */,
			);
			name = Flickr;
			sourceTree = "<group>";
		};
		33ADDBB9190C6B7E0056EE16 /* Controller */ = {
			isa = PBXGroup;
			children = (
				33ADDBB6190C6AA90056EE16 /* FlickrManager.h */,
				33ADDBB7190C6AA90056EE16 /* FlickrManager.m */,
			);
			name = Controller;
			sourceTree = "<group>";
		};
		33ADDBBA190C6B880056EE16 /* Model */ = {
			isa = PBXGroup;
			children = (
				33ADDBBB190C6E390056EE16 /* FlickrPhoto.h */,
				33ADDBBC190C6E390056EE16 /* FlickrPhoto.m */,
				33ADDBBE190C6F270056EE16 /* FlickrPhotos.h */,
				33ADDBBF190C6F270056EE16 /* FlickrPhotos.m */,
			);
			name = Model;
			sourceTree = "<group>";
		};
/* End PBXGroup section */

/* Begin PBXNativeTarget section */
		33ADDB5D190C416E0056EE16 /* phototiles */ = {
			isa = PBXNativeTarget;
			buildConfigurationList = 33ADDB8A190C416E0056EE16 /* Build configuration list for PBXNativeTarget "phototiles" */;
			buildPhases = (
				33ADDB5A190C416E0056EE16 /* Sources */,
				33ADDB5B190C416E0056EE16 /* Frameworks */,
				33ADDB5C190C416E0056EE16 /* Resources */,
			);
			buildRules = (
			);
			dependencies = (
			);
			name = phototiles;
			productName = phototiles;
			productReference = 33ADDB5E190C416E0056EE16 /* phototiles.app */;
			productType = "com.apple.product-type.application";
		};
		33ADDB78190C416E0056EE16 /* phototilesTests */ = {
			isa = PBXNativeTarget;
			buildConfigurationList = 33ADDB8D190C416E0056EE16 /* Build configuration list for PBXNativeTarget "phototilesTests" */;
			buildPhases = (
				33ADDB75190C416E0056EE16 /* Sources */,
				33ADDB76190C416E0056EE16 /* Frameworks */,
				33ADDB77190C416E0056EE16 /* Resources */,
			);
			buildRules = (
			);
			dependencies = (
				33ADDB7F190C416E0056EE16 /* PBXTargetDependency */,
			);
			name = phototilesTests;
			productName = phototilesTests;
			productReference = 33ADDB79190C416E0056EE16 /* phototilesTests.xctest */;
			productType = "com.apple.product-type.bundle.unit-test";
		};
/* End PBXNativeTarget section */

/* Begin PBXProject section */
		33ADDB56190C416E0056EE16 /* Project object */ = {
			isa = PBXProject;
			attributes = {
				LastUpgradeCheck = 0500;
				ORGANIZATIONNAME = "Mikolaj Michon";
				TargetAttributes = {
					33ADDB78190C416E0056EE16 = {
						TestTargetID = 33ADDB5D190C416E0056EE16;
					};
				};
			};
			buildConfigurationList = 33ADDB59190C416E0056EE16 /* Build configuration list for PBXProject "phototiles" */;
			compatibilityVersion = "Xcode 3.2";
			developmentRegion = English;
			hasScannedForEncodings = 0;
			knownRegions = (
				en,
			);
			mainGroup = 33ADDB55190C416E0056EE16;
			productRefGroup = 33ADDB5F190C416E0056EE16 /* Products */;
			projectDirPath = "";
			projectReferences = (
				{
					ProductGroup = 33ADDB91190C42100056EE16 /* Products */;
					ProjectRef = 33ADDB90190C42100056EE16 /* RestKit.xcodeproj */;
				},
			);
			projectRoot = "";
			targets = (
				33ADDB5D190C416E0056EE16 /* phototiles */,
				33ADDB78190C416E0056EE16 /* phototilesTests */,
			);
		};
/* End PBXProject section */

/* Begin PBXReferenceProxy section */
		33ADDB98190C42110056EE16 /* libRestKit.a */ = {
			isa = PBXReferenceProxy;
			fileType = archive.ar;
			path = libRestKit.a;
			remoteRef = 33ADDB97190C42110056EE16 /* PBXContainerItemProxy */;
			sourceTree = BUILT_PRODUCTS_DIR;
		};
		33ADDB9A190C42110056EE16 /* RestKitTests.octest */ = {
			isa = PBXReferenceProxy;
			fileType = wrapper.cfbundle;
			path = RestKitTests.octest;
			remoteRef = 33ADDB99190C42110056EE16 /* PBXContainerItemProxy */;
			sourceTree = BUILT_PRODUCTS_DIR;
		};
		33ADDB9C190C42110056EE16 /* RestKit.framework */ = {
			isa = PBXReferenceProxy;
			fileType = wrapper.framework;
			path = RestKit.framework;
			remoteRef = 33ADDB9B190C42110056EE16 /* PBXContainerItemProxy */;
			sourceTree = BUILT_PRODUCTS_DIR;
		};
		33ADDB9E190C42110056EE16 /* RestKitFrameworkTests.octest */ = {
			isa = PBXReferenceProxy;
			fileType = wrapper.cfbundle;
			path = RestKitFrameworkTests.octest;
			remoteRef = 33ADDB9D190C42110056EE16 /* PBXContainerItemProxy */;
			sourceTree = BUILT_PRODUCTS_DIR;
		};
/* End PBXReferenceProxy section */

/* Begin PBXResourcesBuildPhase section */
		33ADDB5C190C416E0056EE16 /* Resources */ = {
			isa = PBXResourcesBuildPhase;
			buildActionMask = 2147483647;
			files = (
				33ADDB6C190C416E0056EE16 /* InfoPlist.strings in Resources */,
				33ADDB74190C416E0056EE16 /* Images.xcassets in Resources */,
			);
			runOnlyForDeploymentPostprocessing = 0;
		};
		33ADDB77190C416E0056EE16 /* Resources */ = {
			isa = PBXResourcesBuildPhase;
			buildActionMask = 2147483647;
			files = (
				33ADDB85190C416E0056EE16 /* InfoPlist.strings in Resources */,
			);
			runOnlyForDeploymentPostprocessing = 0;
		};
/* End PBXResourcesBuildPhase section */

/* Begin PBXSourcesBuildPhase section */
		33ADDB5A190C416E0056EE16 /* Sources */ = {
			isa = PBXSourcesBuildPhase;
			buildActionMask = 2147483647;
			files = (
				33ADDBB8190C6AA90056EE16 /* FlickrManager.m in Sources */,
				33ADDBA8190C53CD0056EE16 /* URLImageFileCache.m in Sources */,
				33ADDBB4190C5FD90056EE16 /* PhotoTileCell.m in Sources */,
				33ADDB72190C416E0056EE16 /* AppDelegate.m in Sources */,
				33ADDBAF190C53F80056EE16 /* NSString+MD5.m in Sources */,
				33ADDBC8190DAC010056EE16 /* ReachabilityOverlayView.m in Sources */,
				33ADDB6E190C416E0056EE16 /* main.m in Sources */,
				33ADDBBD190C6E390056EE16 /* FlickrPhoto.m in Sources */,
				33ADDBC0190C6F270056EE16 /* FlickrPhotos.m in Sources */,
				33ADDBB0190C53F80056EE16 /* Reachability.m in Sources */,
				33ADDBCB190DE1D80056EE16 /* UIImage+Luminance.m in Sources */,
				33ADDBA4190C47210056EE16 /* PhotoTilesController.m in Sources */,
			);
			runOnlyForDeploymentPostprocessing = 0;
		};
		33ADDB75190C416E0056EE16 /* Sources */ = {
			isa = PBXSourcesBuildPhase;
			buildActionMask = 2147483647;
			files = (
				33ADDB87190C416E0056EE16 /* phototilesTests.m in Sources */,
			);
			runOnlyForDeploymentPostprocessing = 0;
		};
/* End PBXSourcesBuildPhase section */

/* Begin PBXTargetDependency section */
		33ADDB7F190C416E0056EE16 /* PBXTargetDependency */ = {
			isa = PBXTargetDependency;
			target = 33ADDB5D190C416E0056EE16 /* phototiles */;
			targetProxy = 33ADDB7E190C416E0056EE16 /* PBXContainerItemProxy */;
		};
/* End PBXTargetDependency section */

/* Begin PBXVariantGroup section */
		33ADDB6A190C416E0056EE16 /* InfoPlist.strings */ = {
			isa = PBXVariantGroup;
			children = (
				33ADDB6B190C416E0056EE16 /* en */,
			);
			name = InfoPlist.strings;
			sourceTree = "<group>";
		};
		33ADDB83190C416E0056EE16 /* InfoPlist.strings */ = {
			isa = PBXVariantGroup;
			children = (
				33ADDB84190C416E0056EE16 /* en */,
			);
			name = InfoPlist.strings;
			sourceTree = "<group>";
		};
/* End PBXVariantGroup section */

/* Begin XCBuildConfiguration section */
		33ADDB88190C416E0056EE16 /* Debug */ = {
			isa = XCBuildConfiguration;
			buildSettings = {
				ALWAYS_SEARCH_USER_PATHS = NO;
				ARCHS = "$(ARCHS_STANDARD_INCLUDING_64_BIT)";
				CLANG_CXX_LANGUAGE_STANDARD = "gnu++0x";
				CLANG_CXX_LIBRARY = "libc++";
				CLANG_ENABLE_MODULES = YES;
				CLANG_ENABLE_OBJC_ARC = YES;
				CLANG_WARN_BOOL_CONVERSION = YES;
				CLANG_WARN_CONSTANT_CONVERSION = YES;
				CLANG_WARN_DIRECT_OBJC_ISA_USAGE = YES_ERROR;
				CLANG_WARN_EMPTY_BODY = YES;
				CLANG_WARN_ENUM_CONVERSION = YES;
				CLANG_WARN_INT_CONVERSION = YES;
				CLANG_WARN_OBJC_ROOT_CLASS = YES_ERROR;
				CLANG_WARN__DUPLICATE_METHOD_MATCH = YES;
				"CODE_SIGN_IDENTITY[sdk=iphoneos*]" = "iPhone Developer";
				COPY_PHASE_STRIP = NO;
				GCC_C_LANGUAGE_STANDARD = gnu99;
				GCC_DYNAMIC_NO_PIC = NO;
				GCC_OPTIMIZATION_LEVEL = 0;
				GCC_PREPROCESSOR_DEFINITIONS = (
					"DEBUG=1",
					"$(inherited)",
				);
				GCC_SYMBOLS_PRIVATE_EXTERN = NO;
				GCC_WARN_64_TO_32_BIT_CONVERSION = YES;
				GCC_WARN_ABOUT_RETURN_TYPE = YES_ERROR;
				GCC_WARN_UNDECLARED_SELECTOR = YES;
				GCC_WARN_UNINITIALIZED_AUTOS = YES;
				GCC_WARN_UNUSED_FUNCTION = YES;
				GCC_WARN_UNUSED_VARIABLE = YES;
				IPHONEOS_DEPLOYMENT_TARGET = 7.0;
				ONLY_ACTIVE_ARCH = YES;
				SDKROOT = iphoneos;
				TARGETED_DEVICE_FAMILY = "1,2";
			};
			name = Debug;
		};
		33ADDB89190C416E0056EE16 /* Release */ = {
			isa = XCBuildConfiguration;
			buildSettings = {
				ALWAYS_SEARCH_USER_PATHS = NO;
				ARCHS = "$(ARCHS_STANDARD_INCLUDING_64_BIT)";
				CLANG_CXX_LANGUAGE_STANDARD = "gnu++0x";
				CLANG_CXX_LIBRARY = "libc++";
				CLANG_ENABLE_MODULES = YES;
				CLANG_ENABLE_OBJC_ARC = YES;
				CLANG_WARN_BOOL_CONVERSION = YES;
				CLANG_WARN_CONSTANT_CONVERSION = YES;
				CLANG_WARN_DIRECT_OBJC_ISA_USAGE = YES_ERROR;
				CLANG_WARN_EMPTY_BODY = YES;
				CLANG_WARN_ENUM_CONVERSION = YES;
				CLANG_WARN_INT_CONVERSION = YES;
				CLANG_WARN_OBJC_ROOT_CLASS = YES_ERROR;
				CLANG_WARN__DUPLICATE_METHOD_MATCH = YES;
				"CODE_SIGN_IDENTITY[sdk=iphoneos*]" = "iPhone Developer";
				COPY_PHASE_STRIP = YES;
				ENABLE_NS_ASSERTIONS = NO;
				GCC_C_LANGUAGE_STANDARD = gnu99;
				GCC_WARN_64_TO_32_BIT_CONVERSION = YES;
				GCC_WARN_ABOUT_RETURN_TYPE = YES_ERROR;
				GCC_WARN_UNDECLARED_SELECTOR = YES;
				GCC_WARN_UNINITIALIZED_AUTOS = YES;
				GCC_WARN_UNUSED_FUNCTION = YES;
				GCC_WARN_UNUSED_VARIABLE = YES;
				IPHONEOS_DEPLOYMENT_TARGET = 7.0;
				SDKROOT = iphoneos;
				TARGETED_DEVICE_FAMILY = "1,2";
				VALIDATE_PRODUCT = YES;
			};
			name = Release;
		};
		33ADDB8B190C416E0056EE16 /* Debug */ = {
			isa = XCBuildConfiguration;
			buildSettings = {
				ASSETCATALOG_COMPILER_APPICON_NAME = AppIcon;
				ASSETCATALOG_COMPILER_LAUNCHIMAGE_NAME = LaunchImage;
				GCC_PRECOMPILE_PREFIX_HEADER = YES;
				GCC_PREFIX_HEADER = "phototiles/phototiles-Prefix.pch";
				HEADER_SEARCH_PATHS = (
					"$(inherited)",
					/Applications/Xcode.app/Contents/Developer/Toolchains/XcodeDefault.xctoolchain/usr/include,
					"\"$(BUILT_PRODUCTS_DIR)/../../Headers\"",
				);
				INFOPLIST_FILE = "phototiles/phototiles-Info.plist";
				PRODUCT_NAME = "$(TARGET_NAME)";
				WRAPPER_EXTENSION = app;
			};
			name = Debug;
		};
		33ADDB8C190C416E0056EE16 /* Release */ = {
			isa = XCBuildConfiguration;
			buildSettings = {
				ASSETCATALOG_COMPILER_APPICON_NAME = AppIcon;
				ASSETCATALOG_COMPILER_LAUNCHIMAGE_NAME = LaunchImage;
				GCC_PRECOMPILE_PREFIX_HEADER = YES;
				GCC_PREFIX_HEADER = "phototiles/phototiles-Prefix.pch";
				HEADER_SEARCH_PATHS = (
					"$(inherited)",
					/Applications/Xcode.app/Contents/Developer/Toolchains/XcodeDefault.xctoolchain/usr/include,
					"\"$(BUILT_PRODUCTS_DIR)/../../Headers\"",
				);
				INFOPLIST_FILE = "phototiles/phototiles-Info.plist";
				PRODUCT_NAME = "$(TARGET_NAME)";
				WRAPPER_EXTENSION = app;
			};
			name = Release;
		};
		33ADDB8E190C416E0056EE16 /* Debug */ = {
			isa = XCBuildConfiguration;
			buildSettings = {
				ARCHS = "$(ARCHS_STANDARD_INCLUDING_64_BIT)";
				BUNDLE_LOADER = "$(BUILT_PRODUCTS_DIR)/phototiles.app/phototiles";
				FRAMEWORK_SEARCH_PATHS = (
					"$(SDKROOT)/Developer/Library/Frameworks",
					"$(inherited)",
					"$(DEVELOPER_FRAMEWORKS_DIR)",
				);
				GCC_PRECOMPILE_PREFIX_HEADER = YES;
				GCC_PREFIX_HEADER = "phototiles/phototiles-Prefix.pch";
				GCC_PREPROCESSOR_DEFINITIONS = (
					"DEBUG=1",
					"$(inherited)",
				);
				INFOPLIST_FILE = "phototilesTests/phototilesTests-Info.plist";
				PRODUCT_NAME = "$(TARGET_NAME)";
				TEST_HOST = "$(BUNDLE_LOADER)";
				WRAPPER_EXTENSION = xctest;
			};
			name = Debug;
		};
		33ADDB8F190C416E0056EE16 /* Release */ = {
			isa = XCBuildConfiguration;
			buildSettings = {
				ARCHS = "$(ARCHS_STANDARD_INCLUDING_64_BIT)";
				BUNDLE_LOADER = "$(BUILT_PRODUCTS_DIR)/phototiles.app/phototiles";
				FRAMEWORK_SEARCH_PATHS = (
					"$(SDKROOT)/Developer/Library/Frameworks",
					"$(inherited)",
					"$(DEVELOPER_FRAMEWORKS_DIR)",
				);
				GCC_PRECOMPILE_PREFIX_HEADER = YES;
				GCC_PREFIX_HEADER = "phototiles/phototiles-Prefix.pch";
				INFOPLIST_FILE = "phototilesTests/phototilesTests-Info.plist";
				PRODUCT_NAME = "$(TARGET_NAME)";
				TEST_HOST = "$(BUNDLE_LOADER)";
				WRAPPER_EXTENSION = xctest;
			};
			name = Release;
		};
/* End XCBuildConfiguration section */

/* Begin XCConfigurationList section */
		33ADDB59190C416E0056EE16 /* Build configuration list for PBXProject "phototiles" */ = {
			isa = XCConfigurationList;
			buildConfigurations = (
				33ADDB88190C416E0056EE16 /* Debug */,
				33ADDB89190C416E0056EE16 /* Release */,
			);
			defaultConfigurationIsVisible = 0;
			defaultConfigurationName = Release;
		};
		33ADDB8A190C416E0056EE16 /* Build configuration list for PBXNativeTarget "phototiles" */ = {
			isa = XCConfigurationList;
			buildConfigurations = (
				33ADDB8B190C416E0056EE16 /* Debug */,
				33ADDB8C190C416E0056EE16 /* Release */,
			);
			defaultConfigurationIsVisible = 0;
		};
		33ADDB8D190C416E0056EE16 /* Build configuration list for PBXNativeTarget "phototilesTests" */ = {
			isa = XCConfigurationList;
			buildConfigurations = (
				33ADDB8E190C416E0056EE16 /* Debug */,
				33ADDB8F190C416E0056EE16 /* Release */,
			);
			defaultConfigurationIsVisible = 0;
		};
/* End XCConfigurationList section */
	};
	rootObject = 33ADDB56190C416E0056EE16 /* Project object */;
}
